
Microsoft Visual Studio Solution File, Format Version 12.00
# Visual Studio Version 16
VisualStudioVersion = 16.0.31729.503
MinimumVisualStudioVersion = 10.0.40219.1
Project("{FAE04EC0-301F-11D3-BF4B-00C04F79EFBC}") = "Задание 6", "Задание 6.csproj", "{C15837B6-3A60-40D6-87DF-A54CDF02121C}"
EndProject
Global
	GlobalSection(SolutionConfigurationPlatforms) = preSolution
		Debug|Any CPU = Debug|Any CPU
		Release|Any CPU = Release|Any CPU
	EndGlobalSection
	GlobalSection(ProjectConfigurationPlatforms) = postSolution
		{C15837B6-3A60-40D6-87DF-A54CDF02121C}.Debug|Any CPU.ActiveCfg = Debug|Any CPU
		{C15837B6-3A60-40D6-87DF-A54CDF02121C}.Debug|Any CPU.Build.0 = Debug|Any CPU
		{C15837B6-3A60-40D6-87DF-A54CDF02121C}.Release|Any CPU.ActiveCfg = Release|Any CPU
		{C15837B6-3A60-40D6-87DF-A54CDF02121C}.Release|Any CPU.Build.0 = Release|Any CPU
	EndGlobalSection
	GlobalSection(SolutionProperties) = preSolution
		HideSolutionNode = FALSE
	EndGlobalSection
	GlobalSection(ExtensibilityGlobals) = postSolution
		SolutionGuid = {808A3A29-9502-41EF-9273-AC17279812A9}
	EndGlobalSection
EndGlobal
