
Microsoft Visual Studio Solution File, Format Version 12.00
# Visual Studio Version 16
VisualStudioVersion = 16.0.31729.503
MinimumVisualStudioVersion = 10.0.40219.1
Project("{FAE04EC0-301F-11D3-BF4B-00C04F79EFBC}") = "Задание 3", "Задание 3.csproj", "{C7211922-A9B3-475A-8FC9-E65EDB37148C}"
EndProject
Global
	GlobalSection(SolutionConfigurationPlatforms) = preSolution
		Debug|Any CPU = Debug|Any CPU
		Release|Any CPU = Release|Any CPU
	EndGlobalSection
	GlobalSection(ProjectConfigurationPlatforms) = postSolution
		{C7211922-A9B3-475A-8FC9-E65EDB37148C}.Debug|Any CPU.ActiveCfg = Debug|Any CPU
		{C7211922-A9B3-475A-8FC9-E65EDB37148C}.Debug|Any CPU.Build.0 = Debug|Any CPU
		{C7211922-A9B3-475A-8FC9-E65EDB37148C}.Release|Any CPU.ActiveCfg = Release|Any CPU
		{C7211922-A9B3-475A-8FC9-E65EDB37148C}.Release|Any CPU.Build.0 = Release|Any CPU
	EndGlobalSection
	GlobalSection(SolutionProperties) = preSolution
		HideSolutionNode = FALSE
	EndGlobalSection
	GlobalSection(ExtensibilityGlobals) = postSolution
		SolutionGuid = {51030E7C-35CA-40DB-96E1-C7CC61D35C43}
	EndGlobalSection
EndGlobal
